
Microsoft Visual Studio Solution File, Format Version 12.00
# Visual Studio Version 16
VisualStudioVersion = 16.0.28803.452
MinimumVisualStudioVersion = 10.0.40219.1
Project("{FAE04EC0-301F-11D3-BF4B-00C04F79EFBC}") = "MyFinanceApp", "MyFinanceApp\MyFinanceApp.csproj", "{E5E985F7-1D19-4A06-9487-397330A8A90A}"
EndProject
Global
	GlobalSection(SolutionConfigurationPlatforms) = preSolution
		Debug|Any CPU = Debug|Any CPU
		Release|Any CPU = Release|Any CPU
	EndGlobalSection
	GlobalSection(ProjectConfigurationPlatforms) = postSolution
		{E5E985F7-1D19-4A06-9487-397330A8A90A}.Debug|Any CPU.ActiveCfg = Debug|Any CPU
		{E5E985F7-1D19-4A06-9487-397330A8A90A}.Debug|Any CPU.Build.0 = Debug|Any CPU
		{E5E985F7-1D19-4A06-9487-397330A8A90A}.Release|Any CPU.ActiveCfg = Release|Any CPU
		{E5E985F7-1D19-4A06-9487-397330A8A90A}.Release|Any CPU.Build.0 = Release|Any CPU
	EndGlobalSection
	GlobalSection(SolutionProperties) = preSolution
		HideSolutionNode = FALSE
	EndGlobalSection
	GlobalSection(ExtensibilityGlobals) = postSolution
		SolutionGuid = {54FBEE50-1163-4F63-B91F-9232FD2A0AE8}
	EndGlobalSection
EndGlobal
