
Microsoft Visual Studio Solution File, Format Version 12.00
# Visual Studio Version 16
VisualStudioVersion = 16.0.28803.452
MinimumVisualStudioVersion = 10.0.40219.1
Project("{FAE04EC0-301F-11D3-BF4B-00C04F79EFBC}") = "MyFinances.MVC", "MyFinances.MVC\MyFinances.MVC.csproj", "{90A76364-9918-42DC-8865-45803B9015B0}"
EndProject
Project("{FAE04EC0-301F-11D3-BF4B-00C04F79EFBC}") = "MyFinances", "MyFinances\MyFinances.csproj", "{287F8A74-384D-4D71-A1C6-A590010C9AAB}"
EndProject
Global
	GlobalSection(SolutionConfigurationPlatforms) = preSolution
		Debug|Any CPU = Debug|Any CPU
		Release|Any CPU = Release|Any CPU
		Stage|Any CPU = Stage|Any CPU
		Test|Any CPU = Test|Any CPU
	EndGlobalSection
	GlobalSection(ProjectConfigurationPlatforms) = postSolution
		{90A76364-9918-42DC-8865-45803B9015B0}.Debug|Any CPU.ActiveCfg = Debug|Any CPU
		{90A76364-9918-42DC-8865-45803B9015B0}.Debug|Any CPU.Build.0 = Debug|Any CPU
		{90A76364-9918-42DC-8865-45803B9015B0}.Release|Any CPU.ActiveCfg = Release|Any CPU
		{90A76364-9918-42DC-8865-45803B9015B0}.Release|Any CPU.Build.0 = Release|Any CPU
		{90A76364-9918-42DC-8865-45803B9015B0}.Stage|Any CPU.ActiveCfg = Stage|Any CPU
		{90A76364-9918-42DC-8865-45803B9015B0}.Stage|Any CPU.Build.0 = Stage|Any CPU
		{90A76364-9918-42DC-8865-45803B9015B0}.Test|Any CPU.ActiveCfg = Test|Any CPU
		{90A76364-9918-42DC-8865-45803B9015B0}.Test|Any CPU.Build.0 = Test|Any CPU
		{287F8A74-384D-4D71-A1C6-A590010C9AAB}.Debug|Any CPU.ActiveCfg = Debug|Any CPU
		{287F8A74-384D-4D71-A1C6-A590010C9AAB}.Debug|Any CPU.Build.0 = Debug|Any CPU
		{287F8A74-384D-4D71-A1C6-A590010C9AAB}.Release|Any CPU.ActiveCfg = Release|Any CPU
		{287F8A74-384D-4D71-A1C6-A590010C9AAB}.Release|Any CPU.Build.0 = Release|Any CPU
		{287F8A74-384D-4D71-A1C6-A590010C9AAB}.Stage|Any CPU.ActiveCfg = Stage|Any CPU
		{287F8A74-384D-4D71-A1C6-A590010C9AAB}.Stage|Any CPU.Build.0 = Stage|Any CPU
		{287F8A74-384D-4D71-A1C6-A590010C9AAB}.Test|Any CPU.ActiveCfg = Test|Any CPU
		{287F8A74-384D-4D71-A1C6-A590010C9AAB}.Test|Any CPU.Build.0 = Test|Any CPU
	EndGlobalSection
	GlobalSection(SolutionProperties) = preSolution
		HideSolutionNode = FALSE
	EndGlobalSection
	GlobalSection(ExtensibilityGlobals) = postSolution
		SolutionGuid = {5BFCC399-1CE2-43DB-B690-35C5F4856822}
	EndGlobalSection
EndGlobal
